// !$*UTF8*$!
{
	archiveVersion = 1;
	classes = {
	};
	objectVersion = 56;
	objects = {

/* Begin PBXBuildFile section */
		06D6A7852888945F00E9B782 /* CarBuddyApp.swift in Sources */ = {isa = PBXBuildFile; fileRef = 06D6A7842888945F00E9B782 /* CarBuddyApp.swift */; };
		06D6A7872888945F00E9B782 /* ContentView.swift in Sources */ = {isa = PBXBuildFile; fileRef = 06D6A7862888945F00E9B782 /* ContentView.swift */; };
		06D6A7892888946000E9B782 /* Assets.xcassets in Resources */ = {isa = PBXBuildFile; fileRef = 06D6A7882888946000E9B782 /* Assets.xcassets */; };
		06D6A78C2888946000E9B782 /* Preview Assets.xcassets in Resources */ = {isa = PBXBuildFile; fileRef = 06D6A78B2888946000E9B782 /* Preview Assets.xcassets */; };
		06D6A7962888946000E9B782 /* CarBuddyTests.swift in Sources */ = {isa = PBXBuildFile; fileRef = 06D6A7952888946000E9B782 /* CarBuddyTests.swift */; };
		06D6A7A02888946000E9B782 /* CarBuddyUITests.swift in Sources */ = {isa = PBXBuildFile; fileRef = 06D6A79F2888946000E9B782 /* CarBuddyUITests.swift */; };
		06D6A7A22888946000E9B782 /* CarBuddyUITestsLaunchTests.swift in Sources */ = {isa = PBXBuildFile; fileRef = 06D6A7A12888946000E9B782 /* CarBuddyUITestsLaunchTests.swift */; };
/* End PBXBuildFile section */

/* Begin PBXContainerItemProxy section */
		06D6A7922888946000E9B782 /* PBXContainerItemProxy */ = {
			isa = PBXContainerItemProxy;
			containerPortal = 06D6A7792888945F00E9B782 /* Project object */;
			proxyType = 1;
			remoteGlobalIDString = 06D6A7802888945F00E9B782;
			remoteInfo = CarBuddy;
		};
		06D6A79C2888946000E9B782 /* PBXContainerItemProxy */ = {
			isa = PBXContainerItemProxy;
			containerPortal = 06D6A7792888945F00E9B782 /* Project object */;
			proxyType = 1;
			remoteGlobalIDString = 06D6A7802888945F00E9B782;
			remoteInfo = CarBuddy;
		};
/* End PBXContainerItemProxy section */

/* Begin PBXFileReference section */
		06D6A7812888945F00E9B782 /* CarBuddy.app */ = {isa = PBXFileReference; explicitFileType = wrapper.application; includeInIndex = 0; path = CarBuddy.app; sourceTree = BUILT_PRODUCTS_DIR; };
		06D6A7842888945F00E9B782 /* CarBuddyApp.swift */ = {isa = PBXFileReference; lastKnownFileType = sourcecode.swift; path = CarBuddyApp.swift; sourceTree = "<group>"; };
		06D6A7862888945F00E9B782 /* ContentView.swift */ = {isa = PBXFileReference; lastKnownFileType = sourcecode.swift; path = ContentView.swift; sourceTree = "<group>"; };
		06D6A7882888946000E9B782 /* Assets.xcassets */ = {isa = PBXFileReference; lastKnownFileType = folder.assetcatalog; path = Assets.xcassets; sourceTree = "<group>"; };
		06D6A78B2888946000E9B782 /* Preview Assets.xcassets */ = {isa = PBXFileReference; lastKnownFileType = folder.assetcatalog; path = "Preview Assets.xcassets"; sourceTree = "<group>"; };
		06D6A7912888946000E9B782 /* CarBuddyTests.xctest */ = {isa = PBXFileReference; explicitFileType = wrapper.cfbundle; includeInIndex = 0; path = CarBuddyTests.xctest; sourceTree = BUILT_PRODUCTS_DIR; };
		06D6A7952888946000E9B782 /* CarBuddyTests.swift */ = {isa = PBXFileReference; lastKnownFileType = sourcecode.swift; path = CarBuddyTests.swift; sourceTree = "<group>"; };
		06D6A79B2888946000E9B782 /* CarBuddyUITests.xctest */ = {isa = PBXFileReference; explicitFileType = wrapper.cfbundle; includeInIndex = 0; path = CarBuddyUITests.xctest; sourceTree = BUILT_PRODUCTS_DIR; };
		06D6A79F2888946000E9B782 /* CarBuddyUITests.swift */ = {isa = PBXFileReference; lastKnownFileType = sourcecode.swift; path = CarBuddyUITests.swift; sourceTree = "<group>"; };
		06D6A7A12888946000E9B782 /* CarBuddyUITestsLaunchTests.swift */ = {isa = PBXFileReference; lastKnownFileType = sourcecode.swift; path = CarBuddyUITestsLaunchTests.swift; sourceTree = "<group>"; };
/* End PBXFileReference section */

/* Begin PBXFrameworksBuildPhase section */
		06D6A77E2888945F00E9B782 /* Frameworks */ = {
			isa = PBXFrameworksBuildPhase;
			buildActionMask = 2147483647;
			files = (
			);
			runOnlyForDeploymentPostprocessing = 0;
		};
		06D6A78E2888946000E9B782 /* Frameworks */ = {
			isa = PBXFrameworksBuildPhase;
			buildActionMask = 2147483647;
			files = (
			);
			runOnlyForDeploymentPostprocessing = 0;
		};
		06D6A7982888946000E9B782 /* Frameworks */ = {
			isa = PBXFrameworksBuildPhase;
			buildActionMask = 2147483647;
			files = (
			);
			runOnlyForDeploymentPostprocessing = 0;
		};
/* End PBXFrameworksBuildPhase section */

/* Begin PBXGroup section */
		06D6A7782888945F00E9B782 = {
			isa = PBXGroup;
			children = (
				06D6A7832888945F00E9B782 /* CarBuddy */,
				06D6A7942888946000E9B782 /* CarBuddyTests */,
				06D6A79E2888946000E9B782 /* CarBuddyUITests */,
				06D6A7822888945F00E9B782 /* Products */,
			);
			sourceTree = "<group>";
		};
		06D6A7822888945F00E9B782 /* Products */ = {
			isa = PBXGroup;
			children = (
				06D6A7812888945F00E9B782 /* CarBuddy.app */,
				06D6A7912888946000E9B782 /* CarBuddyTests.xctest */,
				06D6A79B2888946000E9B782 /* CarBuddyUITests.xctest */,
			);
			name = Products;
			sourceTree = "<group>";
		};
		06D6A7832888945F00E9B782 /* CarBuddy */ = {
			isa = PBXGroup;
			children = (
				06D6A7842888945F00E9B782 /* CarBuddyApp.swift */,
				06D6A7862888945F00E9B782 /* ContentView.swift */,
				06D6A7882888946000E9B782 /* Assets.xcassets */,
				06D6A78A2888946000E9B782 /* Preview Content */,
			);
			path = CarBuddy;
			sourceTree = "<group>";
		};
		06D6A78A2888946000E9B782 /* Preview Content */ = {
			isa = PBXGroup;
			children = (
				06D6A78B2888946000E9B782 /* Preview Assets.xcassets */,
			);
			path = "Preview Content";
			sourceTree = "<group>";
		};
		06D6A7942888946000E9B782 /* CarBuddyTests */ = {
			isa = PBXGroup;
			children = (
				06D6A7952888946000E9B782 /* CarBuddyTests.swift */,
			);
			path = CarBuddyTests;
			sourceTree = "<group>";
		};
		06D6A79E2888946000E9B782 /* CarBuddyUITests */ = {
			isa = PBXGroup;
			children = (
				06D6A79F2888946000E9B782 /* CarBuddyUITests.swift */,
				06D6A7A12888946000E9B782 /* CarBuddyUITestsLaunchTests.swift */,
			);
			path = CarBuddyUITests;
			sourceTree = "<group>";
		};
/* End PBXGroup section */

/* Begin PBXNativeTarget section */
		06D6A7802888945F00E9B782 /* CarBuddy */ = {
			isa = PBXNativeTarget;
			buildConfigurationList = 06D6A7A52888946000E9B782 /* Build configuration list for PBXNativeTarget "CarBuddy" */;
			buildPhases = (
				06D6A77D2888945F00E9B782 /* Sources */,
				06D6A77E2888945F00E9B782 /* Frameworks */,
				06D6A77F2888945F00E9B782 /* Resources */,
			);
			buildRules = (
			);
			dependencies = (
			);
			name = CarBuddy;
			productName = CarBuddy;
			productReference = 06D6A7812888945F00E9B782 /* CarBuddy.app */;
			productType = "com.apple.product-type.application";
		};
		06D6A7902888946000E9B782 /* CarBuddyTests */ = {
			isa = PBXNativeTarget;
			buildConfigurationList = 06D6A7A82888946000E9B782 /* Build configuration list for PBXNativeTarget "CarBuddyTests" */;
			buildPhases = (
				06D6A78D2888946000E9B782 /* Sources */,
				06D6A78E2888946000E9B782 /* Frameworks */,
				06D6A78F2888946000E9B782 /* Resources */,
			);
			buildRules = (
			);
			dependencies = (
				06D6A7932888946000E9B782 /* PBXTargetDependency */,
			);
			name = CarBuddyTests;
			productName = CarBuddyTests;
			productReference = 06D6A7912888946000E9B782 /* CarBuddyTests.xctest */;
			productType = "com.apple.product-type.bundle.unit-test";
		};
		06D6A79A2888946000E9B782 /* CarBuddyUITests */ = {
			isa = PBXNativeTarget;
			buildConfigurationList = 06D6A7AB2888946000E9B782 /* Build configuration list for PBXNativeTarget "CarBuddyUITests" */;
			buildPhases = (
				06D6A7972888946000E9B782 /* Sources */,
				06D6A7982888946000E9B782 /* Frameworks */,
				06D6A7992888946000E9B782 /* Resources */,
			);
			buildRules = (
			);
			dependencies = (
				06D6A79D2888946000E9B782 /* PBXTargetDependency */,
			);
			name = CarBuddyUITests;
			productName = CarBuddyUITests;
			productReference = 06D6A79B2888946000E9B782 /* CarBuddyUITests.xctest */;
			productType = "com.apple.product-type.bundle.ui-testing";
		};
/* End PBXNativeTarget section */

/* Begin PBXProject section */
		06D6A7792888945F00E9B782 /* Project object */ = {
			isa = PBXProject;
			attributes = {
				BuildIndependentTargetsInParallel = 1;
				LastSwiftUpdateCheck = 1400;
				LastUpgradeCheck = 1400;
				TargetAttributes = {
					06D6A7802888945F00E9B782 = {
						CreatedOnToolsVersion = 14.0;
					};
					06D6A7902888946000E9B782 = {
						CreatedOnToolsVersion = 14.0;
						TestTargetID = 06D6A7802888945F00E9B782;
					};
					06D6A79A2888946000E9B782 = {
						CreatedOnToolsVersion = 14.0;
						TestTargetID = 06D6A7802888945F00E9B782;
					};
				};
			};
			buildConfigurationList = 06D6A77C2888945F00E9B782 /* Build configuration list for PBXProject "CarBuddy" */;
			compatibilityVersion = "Xcode 14.0";
			developmentRegion = en;
			hasScannedForEncodings = 0;
			knownRegions = (
				en,
				Base,
			);
			mainGroup = 06D6A7782888945F00E9B782;
			productRefGroup = 06D6A7822888945F00E9B782 /* Products */;
			projectDirPath = "";
			projectRoot = "";
			targets = (
				06D6A7802888945F00E9B782 /* CarBuddy */,
				06D6A7902888946000E9B782 /* CarBuddyTests */,
				06D6A79A2888946000E9B782 /* CarBuddyUITests */,
			);
		};
/* End PBXProject section */

/* Begin PBXResourcesBuildPhase section */
		06D6A77F2888945F00E9B782 /* Resources */ = {
			isa = PBXResourcesBuildPhase;
			buildActionMask = 2147483647;
			files = (
				06D6A78C2888946000E9B782 /* Preview Assets.xcassets in Resources */,
				06D6A7892888946000E9B782 /* Assets.xcassets in Resources */,
			);
			runOnlyForDeploymentPostprocessing = 0;
		};
		06D6A78F2888946000E9B782 /* Resources */ = {
			isa = PBXResourcesBuildPhase;
			buildActionMask = 2147483647;
			files = (
			);
			runOnlyForDeploymentPostprocessing = 0;
		};
		06D6A7992888946000E9B782 /* Resources */ = {
			isa = PBXResourcesBuildPhase;
			buildActionMask = 2147483647;
			files = (
			);
			runOnlyForDeploymentPostprocessing = 0;
		};
/* End PBXResourcesBuildPhase section */

/* Begin PBXSourcesBuildPhase section */
		06D6A77D2888945F00E9B782 /* Sources */ = {
			isa = PBXSourcesBuildPhase;
			buildActionMask = 2147483647;
			files = (
				06D6A7872888945F00E9B782 /* ContentView.swift in Sources */,
				06D6A7852888945F00E9B782 /* CarBuddyApp.swift in Sources */,
			);
			runOnlyForDeploymentPostprocessing = 0;
		};
		06D6A78D2888946000E9B782 /* Sources */ = {
			isa = PBXSourcesBuildPhase;
			buildActionMask = 2147483647;
			files = (
				06D6A7962888946000E9B782 /* CarBuddyTests.swift in Sources */,
			);
			runOnlyForDeploymentPostprocessing = 0;
		};
		06D6A7972888946000E9B782 /* Sources */ = {
			isa = PBXSourcesBuildPhase;
			buildActionMask = 2147483647;
			files = (
				06D6A7A22888946000E9B782 /* CarBuddyUITestsLaunchTests.swift in Sources */,
				06D6A7A02888946000E9B782 /* CarBuddyUITests.swift in Sources */,
			);
			runOnlyForDeploymentPostprocessing = 0;
		};
/* End PBXSourcesBuildPhase section */

/* Begin PBXTargetDependency section */
		06D6A7932888946000E9B782 /* PBXTargetDependency */ = {
			isa = PBXTargetDependency;
			target = 06D6A7802888945F00E9B782 /* CarBuddy */;
			targetProxy = 06D6A7922888946000E9B782 /* PBXContainerItemProxy */;
		};
		06D6A79D2888946000E9B782 /* PBXTargetDependency */ = {
			isa = PBXTargetDependency;
			target = 06D6A7802888945F00E9B782 /* CarBuddy */;
			targetProxy = 06D6A79C2888946000E9B782 /* PBXContainerItemProxy */;
		};
/* End PBXTargetDependency section */

/* Begin XCBuildConfiguration section */
		06D6A7A32888946000E9B782 /* Debug */ = {
			isa = XCBuildConfiguration;
			buildSettings = {
				ALWAYS_SEARCH_USER_PATHS = NO;
				CLANG_ANALYZER_NONNULL = YES;
				CLANG_ANALYZER_NUMBER_OBJECT_CONVERSION = YES_AGGRESSIVE;
				CLANG_CXX_LANGUAGE_STANDARD = "gnu++20";
				CLANG_ENABLE_MODULES = YES;
				CLANG_ENABLE_OBJC_ARC = YES;
				CLANG_ENABLE_OBJC_WEAK = YES;
				CLANG_WARN_BLOCK_CAPTURE_AUTORELEASING = YES;
				CLANG_WARN_BOOL_CONVERSION = YES;
				CLANG_WARN_COMMA = YES;
				CLANG_WARN_CONSTANT_CONVERSION = YES;
				CLANG_WARN_DEPRECATED_OBJC_IMPLEMENTATIONS = YES;
				CLANG_WARN_DIRECT_OBJC_ISA_USAGE = YES_ERROR;
				CLANG_WARN_DOCUMENTATION_COMMENTS = YES;
				CLANG_WARN_EMPTY_BODY = YES;
				CLANG_WARN_ENUM_CONVERSION = YES;
				CLANG_WARN_INFINITE_RECURSION = YES;
				CLANG_WARN_INT_CONVERSION = YES;
				CLANG_WARN_NON_LITERAL_NULL_CONVERSION = YES;
				CLANG_WARN_OBJC_IMPLICIT_RETAIN_SELF = YES;
				CLANG_WARN_OBJC_LITERAL_CONVERSION = YES;
				CLANG_WARN_OBJC_ROOT_CLASS = YES_ERROR;
				CLANG_WARN_QUOTED_INCLUDE_IN_FRAMEWORK_HEADER = YES;
				CLANG_WARN_RANGE_LOOP_ANALYSIS = YES;
				CLANG_WARN_STRICT_PROTOTYPES = YES;
				CLANG_WARN_SUSPICIOUS_MOVE = YES;
				CLANG_WARN_UNGUARDED_AVAILABILITY = YES_AGGRESSIVE;
				CLANG_WARN_UNREACHABLE_CODE = YES;
				CLANG_WARN__DUPLICATE_METHOD_MATCH = YES;
				COPY_PHASE_STRIP = NO;
				DEBUG_INFORMATION_FORMAT = dwarf;
				ENABLE_STRICT_OBJC_MSGSEND = YES;
				ENABLE_TESTABILITY = YES;
				GCC_C_LANGUAGE_STANDARD = gnu11;
				GCC_DYNAMIC_NO_PIC = NO;
				GCC_NO_COMMON_BLOCKS = YES;
				GCC_OPTIMIZATION_LEVEL = 0;
				GCC_PREPROCESSOR_DEFINITIONS = (
					"DEBUG=1",
					"$(inherited)",
				);
				GCC_WARN_64_TO_32_BIT_CONVERSION = YES;
				GCC_WARN_ABOUT_RETURN_TYPE = YES_ERROR;
				GCC_WARN_UNDECLARED_SELECTOR = YES;
				GCC_WARN_UNINITIALIZED_AUTOS = YES_AGGRESSIVE;
				GCC_WARN_UNUSED_FUNCTION = YES;
				GCC_WARN_UNUSED_VARIABLE = YES;
				IPHONEOS_DEPLOYMENT_TARGET = 16.0;
				MTL_ENABLE_DEBUG_INFO = INCLUDE_SOURCE;
				MTL_FAST_MATH = YES;
				ONLY_ACTIVE_ARCH = YES;
				SDKROOT = iphoneos;
				SWIFT_ACTIVE_COMPILATION_CONDITIONS = DEBUG;
				SWIFT_OPTIMIZATION_LEVEL = "-Onone";
			};
			name = Debug;
		};
		06D6A7A42888946000E9B782 /* Release */ = {
			isa = XCBuildConfiguration;
			buildSettings = {
				ALWAYS_SEARCH_USER_PATHS = NO;
				CLANG_ANALYZER_NONNULL = YES;
				CLANG_ANALYZER_NUMBER_OBJECT_CONVERSION = YES_AGGRESSIVE;
				CLANG_CXX_LANGUAGE_STANDARD = "gnu++20";
				CLANG_ENABLE_MODULES = YES;
				CLANG_ENABLE_OBJC_ARC = YES;
				CLANG_ENABLE_OBJC_WEAK = YES;
				CLANG_WARN_BLOCK_CAPTURE_AUTORELEASING = YES;
				CLANG_WARN_BOOL_CONVERSION = YES;
				CLANG_WARN_COMMA = YES;
				CLANG_WARN_CONSTANT_CONVERSION = YES;
				CLANG_WARN_DEPRECATED_OBJC_IMPLEMENTATIONS = YES;
				CLANG_WARN_DIRECT_OBJC_ISA_USAGE = YES_ERROR;
				CLANG_WARN_DOCUMENTATION_COMMENTS = YES;
				CLANG_WARN_EMPTY_BODY = YES;
				CLANG_WARN_ENUM_CONVERSION = YES;
				CLANG_WARN_INFINITE_RECURSION = YES;
				CLANG_WARN_INT_CONVERSION = YES;
				CLANG_WARN_NON_LITERAL_NULL_CONVERSION = YES;
				CLANG_WARN_OBJC_IMPLICIT_RETAIN_SELF = YES;
				CLANG_WARN_OBJC_LITERAL_CONVERSION = YES;
				CLANG_WARN_OBJC_ROOT_CLASS = YES_ERROR;
				CLANG_WARN_QUOTED_INCLUDE_IN_FRAMEWORK_HEADER = YES;
				CLANG_WARN_RANGE_LOOP_ANALYSIS = YES;
				CLANG_WARN_STRICT_PROTOTYPES = YES;
				CLANG_WARN_SUSPICIOUS_MOVE = YES;
				CLANG_WARN_UNGUARDED_AVAILABILITY = YES_AGGRESSIVE;
				CLANG_WARN_UNREACHABLE_CODE = YES;
				CLANG_WARN__DUPLICATE_METHOD_MATCH = YES;
				COPY_PHASE_STRIP = NO;
				DEBUG_INFORMATION_FORMAT = "dwarf-with-dsym";
				ENABLE_NS_ASSERTIONS = NO;
				ENABLE_STRICT_OBJC_MSGSEND = YES;
				GCC_C_LANGUAGE_STANDARD = gnu11;
				GCC_NO_COMMON_BLOCKS = YES;
				GCC_WARN_64_TO_32_BIT_CONVERSION = YES;
				GCC_WARN_ABOUT_RETURN_TYPE = YES_ERROR;
				GCC_WARN_UNDECLARED_SELECTOR = YES;
				GCC_WARN_UNINITIALIZED_AUTOS = YES_AGGRESSIVE;
				GCC_WARN_UNUSED_FUNCTION = YES;
				GCC_WARN_UNUSED_VARIABLE = YES;
				IPHONEOS_DEPLOYMENT_TARGET = 16.0;
				MTL_ENABLE_DEBUG_INFO = NO;
				MTL_FAST_MATH = YES;
				SDKROOT = iphoneos;
				SWIFT_COMPILATION_MODE = wholemodule;
				SWIFT_OPTIMIZATION_LEVEL = "-O";
				VALIDATE_PRODUCT = YES;
			};
			name = Release;
		};
		06D6A7A62888946000E9B782 /* Debug */ = {
			isa = XCBuildConfiguration;
			buildSettings = {
				ASSETCATALOG_COMPILER_APPICON_NAME = AppIcon;
				ASSETCATALOG_COMPILER_GLOBAL_ACCENT_COLOR_NAME = AccentColor;
				CODE_SIGN_STYLE = Automatic;
				CURRENT_PROJECT_VERSION = 1;
				DEVELOPMENT_ASSET_PATHS = "\"CarBuddy/Preview Content\"";
				DEVELOPMENT_TEAM = V7ET8TF7ZR;
				ENABLE_PREVIEWS = YES;
				GENERATE_INFOPLIST_FILE = YES;
				INFOPLIST_KEY_UIApplicationSceneManifest_Generation = YES;
				INFOPLIST_KEY_UIApplicationSupportsIndirectInputEvents = YES;
				INFOPLIST_KEY_UILaunchScreen_Generation = YES;
				INFOPLIST_KEY_UISupportedInterfaceOrientations_iPad = "UIInterfaceOrientationPortrait UIInterfaceOrientationPortraitUpsideDown UIInterfaceOrientationLandscapeLeft UIInterfaceOrientationLandscapeRight";
				INFOPLIST_KEY_UISupportedInterfaceOrientations_iPhone = "UIInterfaceOrientationPortrait UIInterfaceOrientationLandscapeLeft UIInterfaceOrientationLandscapeRight";
				LD_RUNPATH_SEARCH_PATHS = (
					"$(inherited)",
					"@executable_path/Frameworks",
				);
				MARKETING_VERSION = 1.0;
				PRODUCT_BUNDLE_IDENTIFIER = com.timozacherl.CarBuddy;
				PRODUCT_NAME = "$(TARGET_NAME)";
				SWIFT_EMIT_LOC_STRINGS = YES;
				SWIFT_VERSION = 5.0;
				TARGETED_DEVICE_FAMILY = "1,2";
			};
			name = Debug;
		};
		06D6A7A72888946000E9B782 /* Release */ = {
			isa = XCBuildConfiguration;
			buildSettings = {
				ASSETCATALOG_COMPILER_APPICON_NAME = AppIcon;
				ASSETCATALOG_COMPILER_GLOBAL_ACCENT_COLOR_NAME = AccentColor;
				CODE_SIGN_STYLE = Automatic;
				CURRENT_PROJECT_VERSION = 1;
				DEVELOPMENT_ASSET_PATHS = "\"CarBuddy/Preview Content\"";
				DEVELOPMENT_TEAM = V7ET8TF7ZR;
				ENABLE_PREVIEWS = YES;
				GENERATE_INFOPLIST_FILE = YES;
				INFOPLIST_KEY_UIApplicationSceneManifest_Generation = YES;
				INFOPLIST_KEY_UIApplicationSupportsIndirectInputEvents = YES;
				INFOPLIST_KEY_UILaunchScreen_Generation = YES;
				INFOPLIST_KEY_UISupportedInterfaceOrientations_iPad = "UIInterfaceOrientationPortrait UIInterfaceOrientationPortraitUpsideDown UIInterfaceOrientationLandscapeLeft UIInterfaceOrientationLandscapeRight";
				INFOPLIST_KEY_UISupportedInterfaceOrientations_iPhone = "UIInterfaceOrientationPortrait UIInterfaceOrientationLandscapeLeft UIInterfaceOrientationLandscapeRight";
				LD_RUNPATH_SEARCH_PATHS = (
					"$(inherited)",
					"@executable_path/Frameworks",
				);
				MARKETING_VERSION = 1.0;
				PRODUCT_BUNDLE_IDENTIFIER = com.timozacherl.CarBuddy;
				PRODUCT_NAME = "$(TARGET_NAME)";
				SWIFT_EMIT_LOC_STRINGS = YES;
				SWIFT_VERSION = 5.0;
				TARGETED_DEVICE_FAMILY = "1,2";
			};
			name = Release;
		};
		06D6A7A92888946000E9B782 /* Debug */ = {
			isa = XCBuildConfiguration;
			buildSettings = {
				ALWAYS_EMBED_SWIFT_STANDARD_LIBRARIES = YES;
				BUNDLE_LOADER = "$(TEST_HOST)";
				CODE_SIGN_STYLE = Automatic;
				CURRENT_PROJECT_VERSION = 1;
				DEVELOPMENT_TEAM = V7ET8TF7ZR;
				GENERATE_INFOPLIST_FILE = YES;
				IPHONEOS_DEPLOYMENT_TARGET = 16.0;
				MARKETING_VERSION = 1.0;
				PRODUCT_BUNDLE_IDENTIFIER = com.timozacherl.CarBuddyTests;
				PRODUCT_NAME = "$(TARGET_NAME)";
				SWIFT_EMIT_LOC_STRINGS = NO;
				SWIFT_VERSION = 5.0;
				TARGETED_DEVICE_FAMILY = "1,2";
				TEST_HOST = "$(BUILT_PRODUCTS_DIR)/CarBuddy.app/$(BUNDLE_EXECUTABLE_FOLDER_PATH)/CarBuddy";
			};
			name = Debug;
		};
		06D6A7AA2888946000E9B782 /* Release */ = {
			isa = XCBuildConfiguration;
			buildSettings = {
				ALWAYS_EMBED_SWIFT_STANDARD_LIBRARIES = YES;
				BUNDLE_LOADER = "$(TEST_HOST)";
				CODE_SIGN_STYLE = Automatic;
				CURRENT_PROJECT_VERSION = 1;
				DEVELOPMENT_TEAM = V7ET8TF7ZR;
				GENERATE_INFOPLIST_FILE = YES;
				IPHONEOS_DEPLOYMENT_TARGET = 16.0;
				MARKETING_VERSION = 1.0;
				PRODUCT_BUNDLE_IDENTIFIER = com.timozacherl.CarBuddyTests;
				PRODUCT_NAME = "$(TARGET_NAME)";
				SWIFT_EMIT_LOC_STRINGS = NO;
				SWIFT_VERSION = 5.0;
				TARGETED_DEVICE_FAMILY = "1,2";
				TEST_HOST = "$(BUILT_PRODUCTS_DIR)/CarBuddy.app/$(BUNDLE_EXECUTABLE_FOLDER_PATH)/CarBuddy";
			};
			name = Release;
		};
		06D6A7AC2888946000E9B782 /* Debug */ = {
			isa = XCBuildConfiguration;
			buildSettings = {
				ALWAYS_EMBED_SWIFT_STANDARD_LIBRARIES = YES;
				CODE_SIGN_STYLE = Automatic;
				CURRENT_PROJECT_VERSION = 1;
				DEVELOPMENT_TEAM = V7ET8TF7ZR;
				GENERATE_INFOPLIST_FILE = YES;
				MARKETING_VERSION = 1.0;
				PRODUCT_BUNDLE_IDENTIFIER = com.timozacherl.CarBuddyUITests;
				PRODUCT_NAME = "$(TARGET_NAME)";
				SWIFT_EMIT_LOC_STRINGS = NO;
				SWIFT_VERSION = 5.0;
				TARGETED_DEVICE_FAMILY = "1,2";
				TEST_TARGET_NAME = CarBuddy;
			};
			name = Debug;
		};
		06D6A7AD2888946000E9B782 /* Release */ = {
			isa = XCBuildConfiguration;
			buildSettings = {
				ALWAYS_EMBED_SWIFT_STANDARD_LIBRARIES = YES;
				CODE_SIGN_STYLE = Automatic;
				CURRENT_PROJECT_VERSION = 1;
				DEVELOPMENT_TEAM = V7ET8TF7ZR;
				GENERATE_INFOPLIST_FILE = YES;
				MARKETING_VERSION = 1.0;
				PRODUCT_BUNDLE_IDENTIFIER = com.timozacherl.CarBuddyUITests;
				PRODUCT_NAME = "$(TARGET_NAME)";
				SWIFT_EMIT_LOC_STRINGS = NO;
				SWIFT_VERSION = 5.0;
				TARGETED_DEVICE_FAMILY = "1,2";
				TEST_TARGET_NAME = CarBuddy;
			};
			name = Release;
		};
/* End XCBuildConfiguration section */

/* Begin XCConfigurationList section */
		06D6A77C2888945F00E9B782 /* Build configuration list for PBXProject "CarBuddy" */ = {
			isa = XCConfigurationList;
			buildConfigurations = (
				06D6A7A32888946000E9B782 /* Debug */,
				06D6A7A42888946000E9B782 /* Release */,
			);
			defaultConfigurationIsVisible = 0;
			defaultConfigurationName = Release;
		};
		06D6A7A52888946000E9B782 /* Build configuration list for PBXNativeTarget "CarBuddy" */ = {
			isa = XCConfigurationList;
			buildConfigurations = (
				06D6A7A62888946000E9B782 /* Debug */,
				06D6A7A72888946000E9B782 /* Release */,
			);
			defaultConfigurationIsVisible = 0;
			defaultConfigurationName = Release;
		};
		06D6A7A82888946000E9B782 /* Build configuration list for PBXNativeTarget "CarBuddyTests" */ = {
			isa = XCConfigurationList;
			buildConfigurations = (
				06D6A7A92888946000E9B782 /* Debug */,
				06D6A7AA2888946000E9B782 /* Release */,
			);
			defaultConfigurationIsVisible = 0;
			defaultConfigurationName = Release;
		};
		06D6A7AB2888946000E9B782 /* Build configuration list for PBXNativeTarget "CarBuddyUITests" */ = {
			isa = XCConfigurationList;
			buildConfigurations = (
				06D6A7AC2888946000E9B782 /* Debug */,
				06D6A7AD2888946000E9B782 /* Release */,
			);
			defaultConfigurationIsVisible = 0;
			defaultConfigurationName = Release;
		};
/* End XCConfigurationList section */
	};
	rootObject = 06D6A7792888945F00E9B782 /* Project object */;
}
